
Microsoft Visual Studio Solution File, Format Version 12.00
# Visual Studio Version 16
VisualStudioVersion = 16.0.35130.168
MinimumVisualStudioVersion = 10.0.40219.1
Project("{9A19103F-16F7-4668-BE54-9A1E7A4F7556}") = "CSharpLearnings", "CSharpLearnings.csproj", "{3624DAC8-93D8-403B-998A-5D895A4BE46E}"
EndProject
Project("{2150E333-8FDC-42A3-9474-1A3956D46DE8}") = "bin", "bin", "{11144DC7-B723-460C-8B62-DCACC0EEEF78}"
EndProject
Project("{2150E333-8FDC-42A3-9474-1A3956D46DE8}") = "Release", "Release", "{7763D755-D7D6-4907-BDE5-2BA58FDDFE03}"
EndProject
Project("{2150E333-8FDC-42A3-9474-1A3956D46DE8}") = "net8.0", "net8.0", "{6B8C9654-AFC7-46F9-9BCD-B1DD4540316F}"
EndProject
Project("{9A19103F-16F7-4668-BE54-9A1E7A4F7556}") = "BenchmarkDotNet.Autogenerated", "bin\Release\net8.0\295dacae-b9ba-4c7d-b511-2af1fa2ec9c6\BenchmarkDotNet.Autogenerated.csproj", "{093985A5-F6D9-434E-96A7-27CCD06E31B2}"
EndProject
Global
	GlobalSection(SolutionConfigurationPlatforms) = preSolution
		Debug|Any CPU = Debug|Any CPU
		Release|Any CPU = Release|Any CPU
	EndGlobalSection
	GlobalSection(ProjectConfigurationPlatforms) = postSolution
		{3624DAC8-93D8-403B-998A-5D895A4BE46E}.Debug|Any CPU.ActiveCfg = Debug|Any CPU
		{3624DAC8-93D8-403B-998A-5D895A4BE46E}.Debug|Any CPU.Build.0 = Debug|Any CPU
		{3624DAC8-93D8-403B-998A-5D895A4BE46E}.Release|Any CPU.ActiveCfg = Release|Any CPU
		{3624DAC8-93D8-403B-998A-5D895A4BE46E}.Release|Any CPU.Build.0 = Release|Any CPU
		{093985A5-F6D9-434E-96A7-27CCD06E31B2}.Debug|Any CPU.ActiveCfg = Debug|Any CPU
		{093985A5-F6D9-434E-96A7-27CCD06E31B2}.Debug|Any CPU.Build.0 = Debug|Any CPU
		{093985A5-F6D9-434E-96A7-27CCD06E31B2}.Release|Any CPU.ActiveCfg = Release|Any CPU
		{093985A5-F6D9-434E-96A7-27CCD06E31B2}.Release|Any CPU.Build.0 = Release|Any CPU
	EndGlobalSection
	GlobalSection(SolutionProperties) = preSolution
		HideSolutionNode = FALSE
	EndGlobalSection
	GlobalSection(NestedProjects) = preSolution
		{7763D755-D7D6-4907-BDE5-2BA58FDDFE03} = {11144DC7-B723-460C-8B62-DCACC0EEEF78}
		{6B8C9654-AFC7-46F9-9BCD-B1DD4540316F} = {7763D755-D7D6-4907-BDE5-2BA58FDDFE03}
		{093985A5-F6D9-434E-96A7-27CCD06E31B2} = {6B8C9654-AFC7-46F9-9BCD-B1DD4540316F}
	EndGlobalSection
	GlobalSection(ExtensibilityGlobals) = postSolution
		SolutionGuid = {5B68030D-64A5-48E7-9F46-E5E4EC210398}
	EndGlobalSection
EndGlobal
