
Microsoft Visual Studio Solution File, Format Version 12.00
# Visual Studio Version 16
VisualStudioVersion = 16.0.35130.168
MinimumVisualStudioVersion = 10.0.40219.1
Project("{9A19103F-16F7-4668-BE54-9A1E7A4F7556}") = "CSharpLearnings", "CSharpLearnings.csproj", "{5AF24A22-D874-4E1C-9845-30F620EF1F63}"
EndProject
Project("{2150E333-8FDC-42A3-9474-1A3956D46DE8}") = "bin", "bin", "{1E57D422-D4F8-4B7A-A537-46EC81C65413}"
EndProject
Project("{2150E333-8FDC-42A3-9474-1A3956D46DE8}") = "Release", "Release", "{C406F493-FD8E-43FE-8B56-DB2F20AA6B9B}"
EndProject
Project("{2150E333-8FDC-42A3-9474-1A3956D46DE8}") = "net8.0", "net8.0", "{5673BAB7-1044-45DB-9A84-6A68BCED38C4}"
EndProject
Project("{9A19103F-16F7-4668-BE54-9A1E7A4F7556}") = "BenchmarkDotNet.Autogenerated", "bin\Release\net8.0\295dacae-b9ba-4c7d-b511-2af1fa2ec9c6\BenchmarkDotNet.Autogenerated.csproj", "{0C1EDB3D-81C6-40FC-904C-85EF56B12FF6}"
EndProject
Global
	GlobalSection(SolutionConfigurationPlatforms) = preSolution
		Debug|Any CPU = Debug|Any CPU
		Release|Any CPU = Release|Any CPU
	EndGlobalSection
	GlobalSection(ProjectConfigurationPlatforms) = postSolution
		{5AF24A22-D874-4E1C-9845-30F620EF1F63}.Debug|Any CPU.ActiveCfg = Debug|Any CPU
		{5AF24A22-D874-4E1C-9845-30F620EF1F63}.Debug|Any CPU.Build.0 = Debug|Any CPU
		{5AF24A22-D874-4E1C-9845-30F620EF1F63}.Release|Any CPU.ActiveCfg = Release|Any CPU
		{5AF24A22-D874-4E1C-9845-30F620EF1F63}.Release|Any CPU.Build.0 = Release|Any CPU
		{0C1EDB3D-81C6-40FC-904C-85EF56B12FF6}.Debug|Any CPU.ActiveCfg = Debug|Any CPU
		{0C1EDB3D-81C6-40FC-904C-85EF56B12FF6}.Debug|Any CPU.Build.0 = Debug|Any CPU
		{0C1EDB3D-81C6-40FC-904C-85EF56B12FF6}.Release|Any CPU.ActiveCfg = Release|Any CPU
		{0C1EDB3D-81C6-40FC-904C-85EF56B12FF6}.Release|Any CPU.Build.0 = Release|Any CPU
	EndGlobalSection
	GlobalSection(SolutionProperties) = preSolution
		HideSolutionNode = FALSE
	EndGlobalSection
	GlobalSection(NestedProjects) = preSolution
		{C406F493-FD8E-43FE-8B56-DB2F20AA6B9B} = {1E57D422-D4F8-4B7A-A537-46EC81C65413}
		{5673BAB7-1044-45DB-9A84-6A68BCED38C4} = {C406F493-FD8E-43FE-8B56-DB2F20AA6B9B}
		{0C1EDB3D-81C6-40FC-904C-85EF56B12FF6} = {5673BAB7-1044-45DB-9A84-6A68BCED38C4}
	EndGlobalSection
	GlobalSection(ExtensibilityGlobals) = postSolution
		SolutionGuid = {5B68030D-64A5-48E7-9F46-E5E4EC210398}
	EndGlobalSection
EndGlobal
