
Microsoft Visual Studio Solution File, Format Version 12.00
# Visual Studio Version 16
VisualStudioVersion = 16.0.35130.168
MinimumVisualStudioVersion = 10.0.40219.1
Project("{9A19103F-16F7-4668-BE54-9A1E7A4F7556}") = "CSharpLearnings", "CSharpLearnings.csproj", "{121E6045-6122-404C-BB39-82E4F04DD5C5}"
EndProject
Project("{2150E333-8FDC-42A3-9474-1A3956D46DE8}") = "bin", "bin", "{74093CA5-6E93-43B2-9764-A78D4A6D3793}"
EndProject
Project("{2150E333-8FDC-42A3-9474-1A3956D46DE8}") = "Release", "Release", "{62694731-5597-4803-9AD0-B1ABA782D9EB}"
EndProject
Project("{2150E333-8FDC-42A3-9474-1A3956D46DE8}") = "net8.0", "net8.0", "{855D2A38-0B9F-45C9-A382-820FEF2D8694}"
EndProject
Project("{9A19103F-16F7-4668-BE54-9A1E7A4F7556}") = "BenchmarkDotNet.Autogenerated", "bin\Release\net8.0\295dacae-b9ba-4c7d-b511-2af1fa2ec9c6\BenchmarkDotNet.Autogenerated.csproj", "{EEA56391-6025-4DA4-AD51-E6A7C54204C0}"
EndProject
Global
	GlobalSection(SolutionConfigurationPlatforms) = preSolution
		Debug|Any CPU = Debug|Any CPU
		Release|Any CPU = Release|Any CPU
	EndGlobalSection
	GlobalSection(ProjectConfigurationPlatforms) = postSolution
		{121E6045-6122-404C-BB39-82E4F04DD5C5}.Debug|Any CPU.ActiveCfg = Debug|Any CPU
		{121E6045-6122-404C-BB39-82E4F04DD5C5}.Debug|Any CPU.Build.0 = Debug|Any CPU
		{121E6045-6122-404C-BB39-82E4F04DD5C5}.Release|Any CPU.ActiveCfg = Release|Any CPU
		{121E6045-6122-404C-BB39-82E4F04DD5C5}.Release|Any CPU.Build.0 = Release|Any CPU
		{EEA56391-6025-4DA4-AD51-E6A7C54204C0}.Debug|Any CPU.ActiveCfg = Debug|Any CPU
		{EEA56391-6025-4DA4-AD51-E6A7C54204C0}.Debug|Any CPU.Build.0 = Debug|Any CPU
		{EEA56391-6025-4DA4-AD51-E6A7C54204C0}.Release|Any CPU.ActiveCfg = Release|Any CPU
		{EEA56391-6025-4DA4-AD51-E6A7C54204C0}.Release|Any CPU.Build.0 = Release|Any CPU
	EndGlobalSection
	GlobalSection(SolutionProperties) = preSolution
		HideSolutionNode = FALSE
	EndGlobalSection
	GlobalSection(NestedProjects) = preSolution
		{62694731-5597-4803-9AD0-B1ABA782D9EB} = {74093CA5-6E93-43B2-9764-A78D4A6D3793}
		{855D2A38-0B9F-45C9-A382-820FEF2D8694} = {62694731-5597-4803-9AD0-B1ABA782D9EB}
		{EEA56391-6025-4DA4-AD51-E6A7C54204C0} = {855D2A38-0B9F-45C9-A382-820FEF2D8694}
	EndGlobalSection
	GlobalSection(ExtensibilityGlobals) = postSolution
		SolutionGuid = {5B68030D-64A5-48E7-9F46-E5E4EC210398}
	EndGlobalSection
EndGlobal
